
Microsoft Visual Studio Solution File, Format Version 12.00
# Visual Studio 15
VisualStudioVersion = 15.0.26730.16
MinimumVisualStudioVersion = 10.0.40219.1
Project("{FAE04EC0-301F-11D3-BF4B-00C04F79EFBC}") = "Archeaology Game", "Archeaology Game\Archeaology Game.csproj", "{22749166-68B0-4832-A8FD-9D5982417DC9}"
EndProject
Global
	GlobalSection(SolutionConfigurationPlatforms) = preSolution
		Debug|x86 = Debug|x86
		Release|x86 = Release|x86
	EndGlobalSection
	GlobalSection(ProjectConfigurationPlatforms) = postSolution
		{22749166-68B0-4832-A8FD-9D5982417DC9}.Debug|x86.ActiveCfg = Debug|x86
		{22749166-68B0-4832-A8FD-9D5982417DC9}.Debug|x86.Build.0 = Debug|x86
		{22749166-68B0-4832-A8FD-9D5982417DC9}.Release|x86.ActiveCfg = Release|x86
		{22749166-68B0-4832-A8FD-9D5982417DC9}.Release|x86.Build.0 = Release|x86
	EndGlobalSection
	GlobalSection(SolutionProperties) = preSolution
		HideSolutionNode = FALSE
	EndGlobalSection
	GlobalSection(ExtensibilityGlobals) = postSolution
		SolutionGuid = {D3CB99AD-6E45-4AFE-BB58-10489BC35E2C}
	EndGlobalSection
EndGlobal
